
Microsoft Visual Studio Solution File, Format Version 12.00
# Visual Studio Version 17
VisualStudioVersion = 17.7.34221.43
MinimumVisualStudioVersion = 10.0.40219.1
Project("{8BC9CEB8-8B4A-11D0-8D11-00A0C91BC942}") = "Gospodi 4", "Gospodi 4\Gospodi 4.vcxproj", "{0854FF1E-DDD9-419D-A391-015FF77D8541}"
EndProject
Global
	GlobalSection(SolutionConfigurationPlatforms) = preSolution
		Debug|x64 = Debug|x64
		Debug|x86 = Debug|x86
		Release|x64 = Release|x64
		Release|x86 = Release|x86
	EndGlobalSection
	GlobalSection(ProjectConfigurationPlatforms) = postSolution
		{0854FF1E-DDD9-419D-A391-015FF77D8541}.Debug|x64.ActiveCfg = Debug|x64
		{0854FF1E-DDD9-419D-A391-015FF77D8541}.Debug|x64.Build.0 = Debug|x64
		{0854FF1E-DDD9-419D-A391-015FF77D8541}.Debug|x86.ActiveCfg = Debug|Win32
		{0854FF1E-DDD9-419D-A391-015FF77D8541}.Debug|x86.Build.0 = Debug|Win32
		{0854FF1E-DDD9-419D-A391-015FF77D8541}.Release|x64.ActiveCfg = Release|x64
		{0854FF1E-DDD9-419D-A391-015FF77D8541}.Release|x64.Build.0 = Release|x64
		{0854FF1E-DDD9-419D-A391-015FF77D8541}.Release|x86.ActiveCfg = Release|Win32
		{0854FF1E-DDD9-419D-A391-015FF77D8541}.Release|x86.Build.0 = Release|Win32
	EndGlobalSection
	GlobalSection(SolutionProperties) = preSolution
		HideSolutionNode = FALSE
	EndGlobalSection
	GlobalSection(ExtensibilityGlobals) = postSolution
		SolutionGuid = {00ED2743-3D18-42CB-A8E5-D269F164E263}
	EndGlobalSection
EndGlobal
